// !$*UTF8*$!
{
	archiveVersion = 1;
	classes = {
	};
	objectVersion = 46;
	objects = {

/* Begin PBXBuildFile section */
		A915962F1E45BCCC008DABB5 /* seaback.png in Resources */ = {isa = PBXBuildFile; fileRef = A915962B1E45BCCC008DABB5 /* seaback.png */; };
		A91596301E45BCCC008DABB5 /* seabody.png in Resources */ = {isa = PBXBuildFile; fileRef = A915962C1E45BCCC008DABB5 /* seabody.png */; };
		A91596311E45BCCC008DABB5 /* seaface.png in Resources */ = {isa = PBXBuildFile; fileRef = A915962D1E45BCCC008DABB5 /* seaface.png */; };
		A91596321E45BCCC008DABB5 /* seaheart.png in Resources */ = {isa = PBXBuildFile; fileRef = A915962E1E45BCCC008DABB5 /* seaheart.png */; };
		A91596361E45BCEB008DABB5 /* leftEarMeng.png in Resources */ = {isa = PBXBuildFile; fileRef = A91596341E45BCEB008DABB5 /* leftEarMeng.png */; };
		A91596371E45BCEB008DABB5 /* rightEarMeng.png in Resources */ = {isa = PBXBuildFile; fileRef = A91596351E45BCEB008DABB5 /* rightEarMeng.png */; };
		A91596391E45BD0C008DABB5 /* beardMeng.png in Resources */ = {isa = PBXBuildFile; fileRef = A91596381E45BD0C008DABB5 /* beardMeng.png */; };
		A91596401E45CDF2008DABB5 /* elemeLeft.png in Resources */ = {isa = PBXBuildFile; fileRef = A915963C1E45CDF2008DABB5 /* elemeLeft.png */; };
		A91596411E45CDF2008DABB5 /* elemeLeftEar.png in Resources */ = {isa = PBXBuildFile; fileRef = A915963D1E45CDF2008DABB5 /* elemeLeftEar.png */; };
		A91596421E45CDF2008DABB5 /* elemeRight.png in Resources */ = {isa = PBXBuildFile; fileRef = A915963E1E45CDF2008DABB5 /* elemeRight.png */; };
		A91596431E45CDF2008DABB5 /* elemeRightEar.png in Resources */ = {isa = PBXBuildFile; fileRef = A915963F1E45CDF2008DABB5 /* elemeRightEar.png */; };
		A91596451E45CE62008DABB5 /* eleme-bg.png in Resources */ = {isa = PBXBuildFile; fileRef = A91596441E45CE62008DABB5 /* eleme-bg.png */; };
		A91596491E45CE6A008DABB5 /* cococolaBg.png in Resources */ = {isa = PBXBuildFile; fileRef = A91596461E45CE6A008DABB5 /* cococolaBg.png */; };
		A915964A1E45CE6A008DABB5 /* cococolaLeftEar.png in Resources */ = {isa = PBXBuildFile; fileRef = A91596471E45CE6A008DABB5 /* cococolaLeftEar.png */; };
		A915964B1E45CE6A008DABB5 /* cococolaRightEar.png in Resources */ = {isa = PBXBuildFile; fileRef = A91596481E45CE6A008DABB5 /* cococolaRightEar.png */; };
		A915964D1E45E1BC008DABB5 /* newyearBack.png in Resources */ = {isa = PBXBuildFile; fileRef = A915964C1E45E1BC008DABB5 /* newyearBack.png */; };
		A915964F1E45E4D3008DABB5 /* firstNewyearBack.png in Resources */ = {isa = PBXBuildFile; fileRef = A915964E1E45E4D3008DABB5 /* firstNewyearBack.png */; };
		A91D80691E4577E000C82233 /* transparentBack.png in Resources */ = {isa = PBXBuildFile; fileRef = A91D80681E4577E000C82233 /* transparentBack.png */; };
		A976BD2F1E48731D001E7A00 /* MSAudioEncoder.m in Sources */ = {isa = PBXBuildFile; fileRef = A976BD2A1E48731D001E7A00 /* MSAudioEncoder.m */; };
		A976BD301E48731D001E7A00 /* MSH264Encoder.m in Sources */ = {isa = PBXBuildFile; fileRef = A976BD2C1E48731D001E7A00 /* MSH264Encoder.m */; };
		A976BD311E48731D001E7A00 /* MSRtmpService.m in Sources */ = {isa = PBXBuildFile; fileRef = A976BD2E1E48731D001E7A00 /* MSRtmpService.m */; };
		A976BD641E487396001E7A00 /* avencoder.c in Sources */ = {isa = PBXBuildFile; fileRef = A976BD331E487396001E7A00 /* avencoder.c */; };
		A976BD651E487396001E7A00 /* flv-mux.c in Sources */ = {isa = PBXBuildFile; fileRef = A976BD351E487396001E7A00 /* flv-mux.c */; };
		A976BD661E487396001E7A00 /* amf.c in Sources */ = {isa = PBXBuildFile; fileRef = A976BD381E487396001E7A00 /* amf.c */; };
		A976BD671E487396001E7A00 /* cencode.c in Sources */ = {isa = PBXBuildFile; fileRef = A976BD3B1E487396001E7A00 /* cencode.c */; };
		A976BD681E487396001E7A00 /* COPYING in Resources */ = {isa = PBXBuildFile; fileRef = A976BD3D1E487396001E7A00 /* COPYING */; };
		A976BD691E487396001E7A00 /* hashswf.c in Sources */ = {isa = PBXBuildFile; fileRef = A976BD411E487396001E7A00 /* hashswf.c */; };
		A976BD6A1E487396001E7A00 /* log.c in Sources */ = {isa = PBXBuildFile; fileRef = A976BD431E487396001E7A00 /* log.c */; };
		A976BD6B1E487396001E7A00 /* md5.c in Sources */ = {isa = PBXBuildFile; fileRef = A976BD451E487396001E7A00 /* md5.c */; };
		A976BD6C1E487396001E7A00 /* parseurl.c in Sources */ = {isa = PBXBuildFile; fileRef = A976BD471E487396001E7A00 /* parseurl.c */; };
		A976BD6D1E487396001E7A00 /* rtmp.c in Sources */ = {isa = PBXBuildFile; fileRef = A976BD481E487396001E7A00 /* rtmp.c */; };
		A976BD6E1E487396001E7A00 /* obs-avc.c in Sources */ = {isa = PBXBuildFile; fileRef = A976BD4B1E487396001E7A00 /* obs-avc.c */; };
		A976BD6F1E487396001E7A00 /* rtmp-stream.c in Sources */ = {isa = PBXBuildFile; fileRef = A976BD501E487396001E7A00 /* rtmp-stream.c */; };
		A976BD701E487396001E7A00 /* array-serializer.c in Sources */ = {isa = PBXBuildFile; fileRef = A976BD541E487396001E7A00 /* array-serializer.c */; };
		A976BD711E487396001E7A00 /* base.c in Sources */ = {isa = PBXBuildFile; fileRef = A976BD561E487396001E7A00 /* base.c */; };
		A976BD721E487396001E7A00 /* bmem.c in Sources */ = {isa = PBXBuildFile; fileRef = A976BD581E487396001E7A00 /* bmem.c */; };
		A976BD731E487396001E7A00 /* dstr.c in Sources */ = {isa = PBXBuildFile; fileRef = A976BD5D1E487396001E7A00 /* dstr.c */; };
		A976BD741E487396001E7A00 /* threading-posix.c in Sources */ = {isa = PBXBuildFile; fileRef = A976BD611E487396001E7A00 /* threading-posix.c */; };
		A976BD771E488146001E7A00 /* MSGPUImageMovieWriter.m in Sources */ = {isa = PBXBuildFile; fileRef = A976BD761E488146001E7A00 /* MSGPUImageMovieWriter.m */; };
		A98631331E30580700909317 /* noseSingleMeng.png in Resources */ = {isa = PBXBuildFile; fileRef = A98631321E30580700909317 /* noseSingleMeng.png */; };
		A98631351E30658800909317 /* newyearHear.png in Resources */ = {isa = PBXBuildFile; fileRef = A98631341E30658800909317 /* newyearHear.png */; };
		A9863C751E308DD500909317 /* libGPUImage.a in Frameworks */ = {isa = PBXBuildFile; fileRef = A9863C721E308DC500909317 /* libGPUImage.a */; };
		A9863C791E30933A00909317 /* faceRedTag.png in Resources */ = {isa = PBXBuildFile; fileRef = A9863C781E30933A00909317 /* faceRedTag.png */; };
		A9863C851E30B90B00909317 /* cocacolaIcon.png in Resources */ = {isa = PBXBuildFile; fileRef = A9863C7E1E30B90B00909317 /* cocacolaIcon.png */; };
		A9863C861E30B90B00909317 /* earIcon.png in Resources */ = {isa = PBXBuildFile; fileRef = A9863C7F1E30B90B00909317 /* earIcon.png */; };
		A9863C871E30B90B00909317 /* elemeIcon.png in Resources */ = {isa = PBXBuildFile; fileRef = A9863C801E30B90B00909317 /* elemeIcon.png */; };
		A9863C881E30B90B00909317 /* icon.png in Resources */ = {isa = PBXBuildFile; fileRef = A9863C811E30B90B00909317 /* icon.png */; };
		A9863C891E30B90B00909317 /* logo.png in Resources */ = {isa = PBXBuildFile; fileRef = A9863C821E30B90B00909317 /* logo.png */; };
		A9863C8A1E30B90B00909317 /* newYearIcon.png in Resources */ = {isa = PBXBuildFile; fileRef = A9863C831E30B90B00909317 /* newYearIcon.png */; };
		A9863C8B1E30B90B00909317 /* seaIcon.png in Resources */ = {isa = PBXBuildFile; fileRef = A9863C841E30B90B00909317 /* seaIcon.png */; };
		A9863C921E31C0E300909317 /* strawberryLeft.png in Resources */ = {isa = PBXBuildFile; fileRef = A9863C911E31C0E300909317 /* strawberryLeft.png */; };
		FD5F06981D1793E100A9E45A /* GPUImageBeautifyFilter.m in Sources */ = {isa = PBXBuildFile; fileRef = FD5F06971D1793E100A9E45A /* GPUImageBeautifyFilter.m */; };
		FD6BA4521D12CE440080EB2D /* Main.storyboard in Resources */ = {isa = PBXBuildFile; fileRef = FD6BA4501D12CE440080EB2D /* Main.storyboard */; };
		FD8D74B61E0CB94200D1C8CD /* CanvasView.m in Sources */ = {isa = PBXBuildFile; fileRef = FD8D749A1E0CB94200D1C8CD /* CanvasView.m */; };
		FD8D74B71E0CB94200D1C8CD /* CaptureManager.m in Sources */ = {isa = PBXBuildFile; fileRef = FD8D749D1E0CB94200D1C8CD /* CaptureManager.m */; };
		FD8D74B81E0CB94200D1C8CD /* CalculatorTools.m in Sources */ = {isa = PBXBuildFile; fileRef = FD8D74A01E0CB94200D1C8CD /* CalculatorTools.m */; };
		FD8D74B91E0CB94200D1C8CD /* IFlyFaceImage.m in Sources */ = {isa = PBXBuildFile; fileRef = FD8D74A21E0CB94200D1C8CD /* IFlyFaceImage.m */; };
		FD8D74BA1E0CB94200D1C8CD /* UIImage+compress.m in Sources */ = {isa = PBXBuildFile; fileRef = FD8D74A41E0CB94200D1C8CD /* UIImage+compress.m */; };
		FD8D74BB1E0CB94200D1C8CD /* UIImage+Extensions.m in Sources */ = {isa = PBXBuildFile; fileRef = FD8D74A61E0CB94200D1C8CD /* UIImage+Extensions.m */; };
		FD8D74BC1E0CB94200D1C8CD /* PermissionDetector.m in Sources */ = {isa = PBXBuildFile; fileRef = FD8D74A91E0CB94200D1C8CD /* PermissionDetector.m */; };
		FD8D74BD1E0CB94200D1C8CD /* IFlyFaceResultDetector.m in Sources */ = {isa = PBXBuildFile; fileRef = FD8D74AC1E0CB94200D1C8CD /* IFlyFaceResultDetector.m */; };
		FD8D74BE1E0CB94200D1C8CD /* IFlyFaceResultKeys.m in Sources */ = {isa = PBXBuildFile; fileRef = FD8D74AE1E0CB94200D1C8CD /* IFlyFaceResultKeys.m */; };
		FD8D74BF1E0CB94200D1C8CD /* IFlyFaceResultTrack.m in Sources */ = {isa = PBXBuildFile; fileRef = FD8D74B01E0CB94200D1C8CD /* IFlyFaceResultTrack.m */; };
		FD8D74C01E0CB94200D1C8CD /* iflyMSC.framework in Frameworks */ = {isa = PBXBuildFile; fileRef = FD8D74B11E0CB94200D1C8CD /* iflyMSC.framework */; };
		FD8D74C41E0CBDD200D1C8CD /* libz.tbd in Frameworks */ = {isa = PBXBuildFile; fileRef = FD8D74C31E0CBDD200D1C8CD /* libz.tbd */; };
		FD8D74C61E0CBDD600D1C8CD /* libc++.tbd in Frameworks */ = {isa = PBXBuildFile; fileRef = FD8D74C51E0CBDD600D1C8CD /* libc++.tbd */; };
		FD8D74C81E0CBDEB00D1C8CD /* CoreTelephony.framework in Frameworks */ = {isa = PBXBuildFile; fileRef = FD8D74C71E0CBDEB00D1C8CD /* CoreTelephony.framework */; };
		FD8D74CA1E0CBDF800D1C8CD /* SystemConfiguration.framework in Frameworks */ = {isa = PBXBuildFile; fileRef = FD8D74C91E0CBDF800D1C8CD /* SystemConfiguration.framework */; };
		FD8D74CC1E0CC1E100D1C8CD /* Crown.png in Resources */ = {isa = PBXBuildFile; fileRef = FD8D74CB1E0CC1E100D1C8CD /* Crown.png */; };
		FDAAD2531CE1CD7A00C7B6AC /* main.m in Sources */ = {isa = PBXBuildFile; fileRef = FDAAD2521CE1CD7A00C7B6AC /* main.m */; };
		FDAAD2561CE1CD7A00C7B6AC /* AppDelegate.m in Sources */ = {isa = PBXBuildFile; fileRef = FDAAD2551CE1CD7A00C7B6AC /* AppDelegate.m */; };
		FDAAD2591CE1CD7A00C7B6AC /* ViewController.m in Sources */ = {isa = PBXBuildFile; fileRef = FDAAD2581CE1CD7A00C7B6AC /* ViewController.m */; };
		FDAAD25E1CE1CD7A00C7B6AC /* Assets.xcassets in Resources */ = {isa = PBXBuildFile; fileRef = FDAAD25D1CE1CD7A00C7B6AC /* Assets.xcassets */; };
		FDAAD2611CE1CD7A00C7B6AC /* LaunchScreen.storyboard in Resources */ = {isa = PBXBuildFile; fileRef = FDAAD25F1CE1CD7A00C7B6AC /* LaunchScreen.storyboard */; };
		FDAAD26C1CE1CD7B00C7B6AC /* LearnOpenGLESWithGPUImageTests.m in Sources */ = {isa = PBXBuildFile; fileRef = FDAAD26B1CE1CD7B00C7B6AC /* LearnOpenGLESWithGPUImageTests.m */; };
/* End PBXBuildFile section */

/* Begin PBXContainerItemProxy section */
		A9863C711E308DC500909317 /* PBXContainerItemProxy */ = {
			isa = PBXContainerItemProxy;
			containerPortal = A9863C691E308DC500909317 /* GPUImage.xcodeproj */;
			proxyType = 2;
			remoteGlobalIDString = BCF1A33414DDB1EC00852800;
			remoteInfo = GPUImage;
		};
		A9863C731E308DC500909317 /* PBXContainerItemProxy */ = {
			isa = PBXContainerItemProxy;
			containerPortal = A9863C691E308DC500909317 /* GPUImage.xcodeproj */;
			proxyType = 2;
			remoteGlobalIDString = BCE209E51943F20C002FEED8;
			remoteInfo = GPUImageFramework;
		};
		A9863C761E308DDA00909317 /* PBXContainerItemProxy */ = {
			isa = PBXContainerItemProxy;
			containerPortal = A9863C691E308DC500909317 /* GPUImage.xcodeproj */;
			proxyType = 1;
			remoteGlobalIDString = BCF1A33314DDB1EC00852800;
			remoteInfo = GPUImage;
		};
		FDAAD2681CE1CD7B00C7B6AC /* PBXContainerItemProxy */ = {
			isa = PBXContainerItemProxy;
			containerPortal = FDAAD2461CE1CD7A00C7B6AC /* Project object */;
			proxyType = 1;
			remoteGlobalIDString = FDAAD24D1CE1CD7A00C7B6AC;
			remoteInfo = LearnOpenGLESWithGPUImage;
		};
/* End PBXContainerItemProxy section */

/* Begin PBXFileReference section */
		A915962B1E45BCCC008DABB5 /* seaback.png */ = {isa = PBXFileReference; lastKnownFileType = image.png; path = seaback.png; sourceTree = "<group>"; };
		A915962C1E45BCCC008DABB5 /* seabody.png */ = {isa = PBXFileReference; lastKnownFileType = image.png; path = seabody.png; sourceTree = "<group>"; };
		A915962D1E45BCCC008DABB5 /* seaface.png */ = {isa = PBXFileReference; lastKnownFileType = image.png; path = seaface.png; sourceTree = "<group>"; };
		A915962E1E45BCCC008DABB5 /* seaheart.png */ = {isa = PBXFileReference; lastKnownFileType = image.png; path = seaheart.png; sourceTree = "<group>"; };
		A91596341E45BCEB008DABB5 /* leftEarMeng.png */ = {isa = PBXFileReference; lastKnownFileType = image.png; path = leftEarMeng.png; sourceTree = "<group>"; };
		A91596351E45BCEB008DABB5 /* rightEarMeng.png */ = {isa = PBXFileReference; lastKnownFileType = image.png; path = rightEarMeng.png; sourceTree = "<group>"; };
		A91596381E45BD0C008DABB5 /* beardMeng.png */ = {isa = PBXFileReference; lastKnownFileType = image.png; path = beardMeng.png; sourceTree = "<group>"; };
		A915963C1E45CDF2008DABB5 /* elemeLeft.png */ = {isa = PBXFileReference; lastKnownFileType = image.png; path = elemeLeft.png; sourceTree = "<group>"; };
		A915963D1E45CDF2008DABB5 /* elemeLeftEar.png */ = {isa = PBXFileReference; lastKnownFileType = image.png; path = elemeLeftEar.png; sourceTree = "<group>"; };
		A915963E1E45CDF2008DABB5 /* elemeRight.png */ = {isa = PBXFileReference; lastKnownFileType = image.png; path = elemeRight.png; sourceTree = "<group>"; };
		A915963F1E45CDF2008DABB5 /* elemeRightEar.png */ = {isa = PBXFileReference; lastKnownFileType = image.png; path = elemeRightEar.png; sourceTree = "<group>"; };
		A91596441E45CE62008DABB5 /* eleme-bg.png */ = {isa = PBXFileReference; lastKnownFileType = image.png; path = "eleme-bg.png"; sourceTree = "<group>"; };
		A91596461E45CE6A008DABB5 /* cococolaBg.png */ = {isa = PBXFileReference; lastKnownFileType = image.png; path = cococolaBg.png; sourceTree = "<group>"; };
		A91596471E45CE6A008DABB5 /* cococolaLeftEar.png */ = {isa = PBXFileReference; lastKnownFileType = image.png; path = cococolaLeftEar.png; sourceTree = "<group>"; };
		A91596481E45CE6A008DABB5 /* cococolaRightEar.png */ = {isa = PBXFileReference; lastKnownFileType = image.png; path = cococolaRightEar.png; sourceTree = "<group>"; };
		A915964C1E45E1BC008DABB5 /* newyearBack.png */ = {isa = PBXFileReference; lastKnownFileType = image.png; path = newyearBack.png; sourceTree = "<group>"; };
		A915964E1E45E4D3008DABB5 /* firstNewyearBack.png */ = {isa = PBXFileReference; lastKnownFileType = image.png; path = firstNewyearBack.png; sourceTree = "<group>"; };
		A91D80681E4577E000C82233 /* transparentBack.png */ = {isa = PBXFileReference; lastKnownFileType = image.png; path = transparentBack.png; sourceTree = "<group>"; };
		A976BD291E48731D001E7A00 /* MSAudioEncoder.h */ = {isa = PBXFileReference; fileEncoding = 4; lastKnownFileType = sourcecode.c.h; path = MSAudioEncoder.h; sourceTree = "<group>"; };
		A976BD2A1E48731D001E7A00 /* MSAudioEncoder.m */ = {isa = PBXFileReference; fileEncoding = 4; lastKnownFileType = sourcecode.c.objc; path = MSAudioEncoder.m; sourceTree = "<group>"; };
		A976BD2B1E48731D001E7A00 /* MSH264Encoder.h */ = {isa = PBXFileReference; fileEncoding = 4; lastKnownFileType = sourcecode.c.h; path = MSH264Encoder.h; sourceTree = "<group>"; };
		A976BD2C1E48731D001E7A00 /* MSH264Encoder.m */ = {isa = PBXFileReference; fileEncoding = 4; lastKnownFileType = sourcecode.c.objc; path = MSH264Encoder.m; sourceTree = "<group>"; };
		A976BD2D1E48731D001E7A00 /* MSRtmpService.h */ = {isa = PBXFileReference; fileEncoding = 4; lastKnownFileType = sourcecode.c.h; path = MSRtmpService.h; sourceTree = "<group>"; };
		A976BD2E1E48731D001E7A00 /* MSRtmpService.m */ = {isa = PBXFileReference; fileEncoding = 4; lastKnownFileType = sourcecode.c.objc; path = MSRtmpService.m; sourceTree = "<group>"; };
		A976BD331E487396001E7A00 /* avencoder.c */ = {isa = PBXFileReference; fileEncoding = 4; lastKnownFileType = sourcecode.c.c; path = avencoder.c; sourceTree = "<group>"; };
		A976BD341E487396001E7A00 /* avencoder.h */ = {isa = PBXFileReference; fileEncoding = 4; lastKnownFileType = sourcecode.c.h; path = avencoder.h; sourceTree = "<group>"; };
		A976BD351E487396001E7A00 /* flv-mux.c */ = {isa = PBXFileReference; fileEncoding = 4; lastKnownFileType = sourcecode.c.c; path = "flv-mux.c"; sourceTree = "<group>"; };
		A976BD361E487396001E7A00 /* flv-mux.h */ = {isa = PBXFileReference; fileEncoding = 4; lastKnownFileType = sourcecode.c.h; path = "flv-mux.h"; sourceTree = "<group>"; };
		A976BD381E487396001E7A00 /* amf.c */ = {isa = PBXFileReference; fileEncoding = 4; lastKnownFileType = sourcecode.c.c; path = amf.c; sourceTree = "<group>"; };
		A976BD391E487396001E7A00 /* amf.h */ = {isa = PBXFileReference; fileEncoding = 4; lastKnownFileType = sourcecode.c.h; path = amf.h; sourceTree = "<group>"; };
		A976BD3A1E487396001E7A00 /* bytes.h */ = {isa = PBXFileReference; fileEncoding = 4; lastKnownFileType = sourcecode.c.h; path = bytes.h; sourceTree = "<group>"; };
		A976BD3B1E487396001E7A00 /* cencode.c */ = {isa = PBXFileReference; fileEncoding = 4; lastKnownFileType = sourcecode.c.c; path = cencode.c; sourceTree = "<group>"; };
		A976BD3C1E487396001E7A00 /* cencode.h */ = {isa = PBXFileReference; fileEncoding = 4; lastKnownFileType = sourcecode.c.h; path = cencode.h; sourceTree = "<group>"; };
		A976BD3D1E487396001E7A00 /* COPYING */ = {isa = PBXFileReference; fileEncoding = 4; lastKnownFileType = text; path = COPYING; sourceTree = "<group>"; };
		A976BD3E1E487396001E7A00 /* dh.h */ = {isa = PBXFileReference; fileEncoding = 4; lastKnownFileType = sourcecode.c.h; path = dh.h; sourceTree = "<group>"; };
		A976BD3F1E487396001E7A00 /* dhgroups.h */ = {isa = PBXFileReference; fileEncoding = 4; lastKnownFileType = sourcecode.c.h; path = dhgroups.h; sourceTree = "<group>"; };
		A976BD401E487396001E7A00 /* handshake.h */ = {isa = PBXFileReference; fileEncoding = 4; lastKnownFileType = sourcecode.c.h; path = handshake.h; sourceTree = "<group>"; };
		A976BD411E487396001E7A00 /* hashswf.c */ = {isa = PBXFileReference; fileEncoding = 4; lastKnownFileType = sourcecode.c.c; path = hashswf.c; sourceTree = "<group>"; };
		A976BD421E487396001E7A00 /* http.h */ = {isa = PBXFileReference; fileEncoding = 4; lastKnownFileType = sourcecode.c.h; path = http.h; sourceTree = "<group>"; };
		A976BD431E487396001E7A00 /* log.c */ = {isa = PBXFileReference; fileEncoding = 4; lastKnownFileType = sourcecode.c.c; path = log.c; sourceTree = "<group>"; };
		A976BD441E487396001E7A00 /* log.h */ = {isa = PBXFileReference; fileEncoding = 4; lastKnownFileType = sourcecode.c.h; path = log.h; sourceTree = "<group>"; };
		A976BD451E487396001E7A00 /* md5.c */ = {isa = PBXFileReference; fileEncoding = 4; lastKnownFileType = sourcecode.c.c; path = md5.c; sourceTree = "<group>"; };
		A976BD461E487396001E7A00 /* md5.h */ = {isa = PBXFileReference; fileEncoding = 4; lastKnownFileType = sourcecode.c.h; path = md5.h; sourceTree = "<group>"; };
		A976BD471E487396001E7A00 /* parseurl.c */ = {isa = PBXFileReference; fileEncoding = 4; lastKnownFileType = sourcecode.c.c; path = parseurl.c; sourceTree = "<group>"; };
		A976BD481E487396001E7A00 /* rtmp.c */ = {isa = PBXFileReference; fileEncoding = 4; lastKnownFileType = sourcecode.c.c; path = rtmp.c; sourceTree = "<group>"; };
		A976BD491E487396001E7A00 /* rtmp.h */ = {isa = PBXFileReference; fileEncoding = 4; lastKnownFileType = sourcecode.c.h; path = rtmp.h; sourceTree = "<group>"; };
		A976BD4A1E487396001E7A00 /* rtmp_sys.h */ = {isa = PBXFileReference; fileEncoding = 4; lastKnownFileType = sourcecode.c.h; path = rtmp_sys.h; sourceTree = "<group>"; };
		A976BD4B1E487396001E7A00 /* obs-avc.c */ = {isa = PBXFileReference; fileEncoding = 4; lastKnownFileType = sourcecode.c.c; path = "obs-avc.c"; sourceTree = "<group>"; };
		A976BD4C1E487396001E7A00 /* obs-avc.h */ = {isa = PBXFileReference; fileEncoding = 4; lastKnownFileType = sourcecode.c.h; path = "obs-avc.h"; sourceTree = "<group>"; };
		A976BD4D1E487396001E7A00 /* obs-encoder.h */ = {isa = PBXFileReference; fileEncoding = 4; lastKnownFileType = sourcecode.c.h; path = "obs-encoder.h"; sourceTree = "<group>"; };
		A976BD4E1E487396001E7A00 /* obs-internal.h */ = {isa = PBXFileReference; fileEncoding = 4; lastKnownFileType = sourcecode.c.h; path = "obs-internal.h"; sourceTree = "<group>"; };
		A976BD4F1E487396001E7A00 /* rtmp-helpers.h */ = {isa = PBXFileReference; fileEncoding = 4; lastKnownFileType = sourcecode.c.h; path = "rtmp-helpers.h"; sourceTree = "<group>"; };
		A976BD501E487396001E7A00 /* rtmp-stream.c */ = {isa = PBXFileReference; fileEncoding = 4; lastKnownFileType = sourcecode.c.c; path = "rtmp-stream.c"; sourceTree = "<group>"; };
		A976BD511E487396001E7A00 /* rtmp-stream.h */ = {isa = PBXFileReference; fileEncoding = 4; lastKnownFileType = sourcecode.c.h; path = "rtmp-stream.h"; sourceTree = "<group>"; };
		A976BD531E487396001E7A00 /* AlignedNew.hpp */ = {isa = PBXFileReference; fileEncoding = 4; lastKnownFileType = sourcecode.cpp.h; path = AlignedNew.hpp; sourceTree = "<group>"; };
		A976BD541E487396001E7A00 /* array-serializer.c */ = {isa = PBXFileReference; fileEncoding = 4; lastKnownFileType = sourcecode.c.c; path = "array-serializer.c"; sourceTree = "<group>"; };
		A976BD551E487396001E7A00 /* array-serializer.h */ = {isa = PBXFileReference; fileEncoding = 4; lastKnownFileType = sourcecode.c.h; path = "array-serializer.h"; sourceTree = "<group>"; };
		A976BD561E487396001E7A00 /* base.c */ = {isa = PBXFileReference; fileEncoding = 4; lastKnownFileType = sourcecode.c.c; path = base.c; sourceTree = "<group>"; };
		A976BD571E487396001E7A00 /* base.h */ = {isa = PBXFileReference; fileEncoding = 4; lastKnownFileType = sourcecode.c.h; path = base.h; sourceTree = "<group>"; };
		A976BD581E487396001E7A00 /* bmem.c */ = {isa = PBXFileReference; fileEncoding = 4; lastKnownFileType = sourcecode.c.c; path = bmem.c; sourceTree = "<group>"; };
		A976BD591E487396001E7A00 /* bmem.h */ = {isa = PBXFileReference; fileEncoding = 4; lastKnownFileType = sourcecode.c.h; path = bmem.h; sourceTree = "<group>"; };
		A976BD5A1E487396001E7A00 /* c99defs.h */ = {isa = PBXFileReference; fileEncoding = 4; lastKnownFileType = sourcecode.c.h; path = c99defs.h; sourceTree = "<group>"; };
		A976BD5B1E487396001E7A00 /* circlebuf.h */ = {isa = PBXFileReference; fileEncoding = 4; lastKnownFileType = sourcecode.c.h; path = circlebuf.h; sourceTree = "<group>"; };
		A976BD5C1E487396001E7A00 /* darray.h */ = {isa = PBXFileReference; fileEncoding = 4; lastKnownFileType = sourcecode.c.h; path = darray.h; sourceTree = "<group>"; };
		A976BD5D1E487396001E7A00 /* dstr.c */ = {isa = PBXFileReference; fileEncoding = 4; lastKnownFileType = sourcecode.c.c; path = dstr.c; sourceTree = "<group>"; };
		A976BD5E1E487396001E7A00 /* dstr.h */ = {isa = PBXFileReference; fileEncoding = 4; lastKnownFileType = sourcecode.c.h; path = dstr.h; sourceTree = "<group>"; };
		A976BD5F1E487396001E7A00 /* dstr.hpp */ = {isa = PBXFileReference; fileEncoding = 4; lastKnownFileType = sourcecode.cpp.h; path = dstr.hpp; sourceTree = "<group>"; };
		A976BD601E487396001E7A00 /* serializer.h */ = {isa = PBXFileReference; fileEncoding = 4; lastKnownFileType = sourcecode.c.h; path = serializer.h; sourceTree = "<group>"; };
		A976BD611E487396001E7A00 /* threading-posix.c */ = {isa = PBXFileReference; fileEncoding = 4; lastKnownFileType = sourcecode.c.c; path = "threading-posix.c"; sourceTree = "<group>"; };
		A976BD621E487396001E7A00 /* threading-posix.h */ = {isa = PBXFileReference; fileEncoding = 4; lastKnownFileType = sourcecode.c.h; path = "threading-posix.h"; sourceTree = "<group>"; };
		A976BD631E487396001E7A00 /* threading.h */ = {isa = PBXFileReference; fileEncoding = 4; lastKnownFileType = sourcecode.c.h; path = threading.h; sourceTree = "<group>"; };
		A976BD751E488146001E7A00 /* MSGPUImageMovieWriter.h */ = {isa = PBXFileReference; fileEncoding = 4; lastKnownFileType = sourcecode.c.h; path = MSGPUImageMovieWriter.h; sourceTree = "<group>"; };
		A976BD761E488146001E7A00 /* MSGPUImageMovieWriter.m */ = {isa = PBXFileReference; fileEncoding = 4; lastKnownFileType = sourcecode.c.objc; path = MSGPUImageMovieWriter.m; sourceTree = "<group>"; };
		A98631321E30580700909317 /* noseSingleMeng.png */ = {isa = PBXFileReference; lastKnownFileType = image.png; path = noseSingleMeng.png; sourceTree = "<group>"; };
		A98631341E30658800909317 /* newyearHear.png */ = {isa = PBXFileReference; lastKnownFileType = image.png; path = newyearHear.png; sourceTree = "<group>"; };
		A9863C691E308DC500909317 /* GPUImage.xcodeproj */ = {isa = PBXFileReference; lastKnownFileType = "wrapper.pb-project"; path = GPUImage.xcodeproj; sourceTree = "<group>"; };
		A9863C781E30933A00909317 /* faceRedTag.png */ = {isa = PBXFileReference; lastKnownFileType = image.png; path = faceRedTag.png; sourceTree = "<group>"; };
		A9863C7E1E30B90B00909317 /* cocacolaIcon.png */ = {isa = PBXFileReference; lastKnownFileType = image.png; path = cocacolaIcon.png; sourceTree = "<group>"; };
		A9863C7F1E30B90B00909317 /* earIcon.png */ = {isa = PBXFileReference; lastKnownFileType = image.png; path = earIcon.png; sourceTree = "<group>"; };
		A9863C801E30B90B00909317 /* elemeIcon.png */ = {isa = PBXFileReference; lastKnownFileType = image.png; path = elemeIcon.png; sourceTree = "<group>"; };
		A9863C811E30B90B00909317 /* icon.png */ = {isa = PBXFileReference; lastKnownFileType = image.png; path = icon.png; sourceTree = "<group>"; };
		A9863C821E30B90B00909317 /* logo.png */ = {isa = PBXFileReference; lastKnownFileType = image.png; path = logo.png; sourceTree = "<group>"; };
		A9863C831E30B90B00909317 /* newYearIcon.png */ = {isa = PBXFileReference; lastKnownFileType = image.png; path = newYearIcon.png; sourceTree = "<group>"; };
		A9863C841E30B90B00909317 /* seaIcon.png */ = {isa = PBXFileReference; lastKnownFileType = image.png; path = seaIcon.png; sourceTree = "<group>"; };
		A9863C911E31C0E300909317 /* strawberryLeft.png */ = {isa = PBXFileReference; lastKnownFileType = image.png; path = strawberryLeft.png; sourceTree = "<group>"; };
		FD5F06961D1793E100A9E45A /* GPUImageBeautifyFilter.h */ = {isa = PBXFileReference; fileEncoding = 4; lastKnownFileType = sourcecode.c.h; path = GPUImageBeautifyFilter.h; sourceTree = "<group>"; };
		FD5F06971D1793E100A9E45A /* GPUImageBeautifyFilter.m */ = {isa = PBXFileReference; fileEncoding = 4; lastKnownFileType = sourcecode.c.objc; path = GPUImageBeautifyFilter.m; sourceTree = "<group>"; };
		FD6BA4511D12CE440080EB2D /* Base */ = {isa = PBXFileReference; lastKnownFileType = file.storyboard; name = Base; path = Base.lproj/Main.storyboard; sourceTree = "<group>"; };
		FD8D74991E0CB94200D1C8CD /* CanvasView.h */ = {isa = PBXFileReference; fileEncoding = 4; lastKnownFileType = sourcecode.c.h; path = CanvasView.h; sourceTree = "<group>"; };
		FD8D749A1E0CB94200D1C8CD /* CanvasView.m */ = {isa = PBXFileReference; fileEncoding = 4; lastKnownFileType = sourcecode.c.objc; path = CanvasView.m; sourceTree = "<group>"; };
		FD8D749C1E0CB94200D1C8CD /* CaptureManager.h */ = {isa = PBXFileReference; fileEncoding = 4; lastKnownFileType = sourcecode.c.h; path = CaptureManager.h; sourceTree = "<group>"; };
		FD8D749D1E0CB94200D1C8CD /* CaptureManager.m */ = {isa = PBXFileReference; fileEncoding = 4; lastKnownFileType = sourcecode.c.objc; path = CaptureManager.m; sourceTree = "<group>"; };
		FD8D749F1E0CB94200D1C8CD /* CalculatorTools.h */ = {isa = PBXFileReference; fileEncoding = 4; lastKnownFileType = sourcecode.c.h; path = CalculatorTools.h; sourceTree = "<group>"; };
		FD8D74A01E0CB94200D1C8CD /* CalculatorTools.m */ = {isa = PBXFileReference; fileEncoding = 4; lastKnownFileType = sourcecode.c.objc; path = CalculatorTools.m; sourceTree = "<group>"; };
		FD8D74A11E0CB94200D1C8CD /* IFlyFaceImage.h */ = {isa = PBXFileReference; fileEncoding = 4; lastKnownFileType = sourcecode.c.h; path = IFlyFaceImage.h; sourceTree = "<group>"; };
		FD8D74A21E0CB94200D1C8CD /* IFlyFaceImage.m */ = {isa = PBXFileReference; fileEncoding = 4; lastKnownFileType = sourcecode.c.objc; path = IFlyFaceImage.m; sourceTree = "<group>"; };
		FD8D74A31E0CB94200D1C8CD /* UIImage+compress.h */ = {isa = PBXFileReference; fileEncoding = 4; lastKnownFileType = sourcecode.c.h; path = "UIImage+compress.h"; sourceTree = "<group>"; };
		FD8D74A41E0CB94200D1C8CD /* UIImage+compress.m */ = {isa = PBXFileReference; fileEncoding = 4; lastKnownFileType = sourcecode.c.objc; path = "UIImage+compress.m"; sourceTree = "<group>"; };
		FD8D74A51E0CB94200D1C8CD /* UIImage+Extensions.h */ = {isa = PBXFileReference; fileEncoding = 4; lastKnownFileType = sourcecode.c.h; path = "UIImage+Extensions.h"; sourceTree = "<group>"; };
		FD8D74A61E0CB94200D1C8CD /* UIImage+Extensions.m */ = {isa = PBXFileReference; fileEncoding = 4; lastKnownFileType = sourcecode.c.objc; path = "UIImage+Extensions.m"; sourceTree = "<group>"; };
		FD8D74A81E0CB94200D1C8CD /* PermissionDetector.h */ = {isa = PBXFileReference; fileEncoding = 4; lastKnownFileType = sourcecode.c.h; path = PermissionDetector.h; sourceTree = "<group>"; };
		FD8D74A91E0CB94200D1C8CD /* PermissionDetector.m */ = {isa = PBXFileReference; fileEncoding = 4; lastKnownFileType = sourcecode.c.objc; path = PermissionDetector.m; sourceTree = "<group>"; };
		FD8D74AB1E0CB94200D1C8CD /* IFlyFaceResultDetector.h */ = {isa = PBXFileReference; fileEncoding = 4; lastKnownFileType = sourcecode.c.h; path = IFlyFaceResultDetector.h; sourceTree = "<group>"; };
		FD8D74AC1E0CB94200D1C8CD /* IFlyFaceResultDetector.m */ = {isa = PBXFileReference; fileEncoding = 4; lastKnownFileType = sourcecode.c.objc; path = IFlyFaceResultDetector.m; sourceTree = "<group>"; };
		FD8D74AD1E0CB94200D1C8CD /* IFlyFaceResultKeys.h */ = {isa = PBXFileReference; fileEncoding = 4; lastKnownFileType = sourcecode.c.h; path = IFlyFaceResultKeys.h; sourceTree = "<group>"; };
		FD8D74AE1E0CB94200D1C8CD /* IFlyFaceResultKeys.m */ = {isa = PBXFileReference; fileEncoding = 4; lastKnownFileType = sourcecode.c.objc; path = IFlyFaceResultKeys.m; sourceTree = "<group>"; };
		FD8D74AF1E0CB94200D1C8CD /* IFlyFaceResultTrack.h */ = {isa = PBXFileReference; fileEncoding = 4; lastKnownFileType = sourcecode.c.h; path = IFlyFaceResultTrack.h; sourceTree = "<group>"; };
		FD8D74B01E0CB94200D1C8CD /* IFlyFaceResultTrack.m */ = {isa = PBXFileReference; fileEncoding = 4; lastKnownFileType = sourcecode.c.objc; path = IFlyFaceResultTrack.m; sourceTree = "<group>"; };
		FD8D74B11E0CB94200D1C8CD /* iflyMSC.framework */ = {isa = PBXFileReference; lastKnownFileType = wrapper.framework; path = iflyMSC.framework; sourceTree = "<group>"; };
		FD8D74C31E0CBDD200D1C8CD /* libz.tbd */ = {isa = PBXFileReference; lastKnownFileType = "sourcecode.text-based-dylib-definition"; name = libz.tbd; path = usr/lib/libz.tbd; sourceTree = SDKROOT; };
		FD8D74C51E0CBDD600D1C8CD /* libc++.tbd */ = {isa = PBXFileReference; lastKnownFileType = "sourcecode.text-based-dylib-definition"; name = "libc++.tbd"; path = "usr/lib/libc++.tbd"; sourceTree = SDKROOT; };
		FD8D74C71E0CBDEB00D1C8CD /* CoreTelephony.framework */ = {isa = PBXFileReference; lastKnownFileType = wrapper.framework; name = CoreTelephony.framework; path = System/Library/Frameworks/CoreTelephony.framework; sourceTree = SDKROOT; };
		FD8D74C91E0CBDF800D1C8CD /* SystemConfiguration.framework */ = {isa = PBXFileReference; lastKnownFileType = wrapper.framework; name = SystemConfiguration.framework; path = System/Library/Frameworks/SystemConfiguration.framework; sourceTree = SDKROOT; };
		FD8D74CB1E0CC1E100D1C8CD /* Crown.png */ = {isa = PBXFileReference; lastKnownFileType = image.png; path = Crown.png; sourceTree = "<group>"; };
		FDAAD24E1CE1CD7A00C7B6AC /* LearnOpenGLESWithGPUImage.app */ = {isa = PBXFileReference; explicitFileType = wrapper.application; includeInIndex = 0; path = LearnOpenGLESWithGPUImage.app; sourceTree = BUILT_PRODUCTS_DIR; };
		FDAAD2521CE1CD7A00C7B6AC /* main.m */ = {isa = PBXFileReference; lastKnownFileType = sourcecode.c.objc; path = main.m; sourceTree = "<group>"; };
		FDAAD2541CE1CD7A00C7B6AC /* AppDelegate.h */ = {isa = PBXFileReference; lastKnownFileType = sourcecode.c.h; path = AppDelegate.h; sourceTree = "<group>"; };
		FDAAD2551CE1CD7A00C7B6AC /* AppDelegate.m */ = {isa = PBXFileReference; lastKnownFileType = sourcecode.c.objc; path = AppDelegate.m; sourceTree = "<group>"; };
		FDAAD2571CE1CD7A00C7B6AC /* ViewController.h */ = {isa = PBXFileReference; lastKnownFileType = sourcecode.c.h; path = ViewController.h; sourceTree = "<group>"; };
		FDAAD2581CE1CD7A00C7B6AC /* ViewController.m */ = {isa = PBXFileReference; lastKnownFileType = sourcecode.c.objc; path = ViewController.m; sourceTree = "<group>"; };
		FDAAD25D1CE1CD7A00C7B6AC /* Assets.xcassets */ = {isa = PBXFileReference; lastKnownFileType = folder.assetcatalog; path = Assets.xcassets; sourceTree = "<group>"; };
		FDAAD2601CE1CD7A00C7B6AC /* Base */ = {isa = PBXFileReference; lastKnownFileType = file.storyboard; name = Base; path = Base.lproj/LaunchScreen.storyboard; sourceTree = "<group>"; };
		FDAAD2621CE1CD7A00C7B6AC /* Info.plist */ = {isa = PBXFileReference; lastKnownFileType = text.plist.xml; path = Info.plist; sourceTree = "<group>"; };
		FDAAD2671CE1CD7B00C7B6AC /* LearnOpenGLESWithGPUImageTests.xctest */ = {isa = PBXFileReference; explicitFileType = wrapper.cfbundle; includeInIndex = 0; path = LearnOpenGLESWithGPUImageTests.xctest; sourceTree = BUILT_PRODUCTS_DIR; };
		FDAAD26B1CE1CD7B00C7B6AC /* LearnOpenGLESWithGPUImageTests.m */ = {isa = PBXFileReference; lastKnownFileType = sourcecode.c.objc; path = LearnOpenGLESWithGPUImageTests.m; sourceTree = "<group>"; };
		FDAAD26D1CE1CD7B00C7B6AC /* Info.plist */ = {isa = PBXFileReference; lastKnownFileType = text.plist.xml; path = Info.plist; sourceTree = "<group>"; };
/* End PBXFileReference section */

/* Begin PBXFrameworksBuildPhase section */
		FDAAD24B1CE1CD7A00C7B6AC /* Frameworks */ = {
			isa = PBXFrameworksBuildPhase;
			buildActionMask = 2147483647;
			files = (
				A9863C751E308DD500909317 /* libGPUImage.a in Frameworks */,
				FD8D74CA1E0CBDF800D1C8CD /* SystemConfiguration.framework in Frameworks */,
				FD8D74C81E0CBDEB00D1C8CD /* CoreTelephony.framework in Frameworks */,
				FD8D74C61E0CBDD600D1C8CD /* libc++.tbd in Frameworks */,
				FD8D74C41E0CBDD200D1C8CD /* libz.tbd in Frameworks */,
				FD8D74C01E0CB94200D1C8CD /* iflyMSC.framework in Frameworks */,
			);
			runOnlyForDeploymentPostprocessing = 0;
		};
		FDAAD2641CE1CD7A00C7B6AC /* Frameworks */ = {
			isa = PBXFrameworksBuildPhase;
			buildActionMask = 2147483647;
			files = (
			);
			runOnlyForDeploymentPostprocessing = 0;
		};
/* End PBXFrameworksBuildPhase section */

/* Begin PBXGroup section */
		A91596281E45BCC3008DABB5 /* sea */ = {
			isa = PBXGroup;
			children = (
				A915962B1E45BCCC008DABB5 /* seaback.png */,
				A915962C1E45BCCC008DABB5 /* seabody.png */,
				A915962D1E45BCCC008DABB5 /* seaface.png */,
				A915962E1E45BCCC008DABB5 /* seaheart.png */,
			);
			name = sea;
			sourceTree = "<group>";
		};
		A91596331E45BCD5008DABB5 /* meng */ = {
			isa = PBXGroup;
			children = (
				A91596341E45BCEB008DABB5 /* leftEarMeng.png */,
				A91596351E45BCEB008DABB5 /* rightEarMeng.png */,
				A98631321E30580700909317 /* noseSingleMeng.png */,
				A9863C911E31C0E300909317 /* strawberryLeft.png */,
				A91596381E45BD0C008DABB5 /* beardMeng.png */,
			);
			name = meng;
			sourceTree = "<group>";
		};
		A915963A1E45CDCE008DABB5 /* cococola */ = {
			isa = PBXGroup;
			children = (
				A91596461E45CE6A008DABB5 /* cococolaBg.png */,
				A91596471E45CE6A008DABB5 /* cococolaLeftEar.png */,
				A91596481E45CE6A008DABB5 /* cococolaRightEar.png */,
			);
			name = cococola;
			sourceTree = "<group>";
		};
		A915963B1E45CDDB008DABB5 /* eleme */ = {
			isa = PBXGroup;
			children = (
				A91596441E45CE62008DABB5 /* eleme-bg.png */,
				A915963C1E45CDF2008DABB5 /* elemeLeft.png */,
				A915963D1E45CDF2008DABB5 /* elemeLeftEar.png */,
				A915963E1E45CDF2008DABB5 /* elemeRight.png */,
				A915963F1E45CDF2008DABB5 /* elemeRightEar.png */,
			);
			name = eleme;
			sourceTree = "<group>";
		};
		A976BD261E4861C5001E7A00 /* rtmpService */ = {
			isa = PBXGroup;
			children = (
				A976BD321E487396001E7A00 /* Rtmp */,
				A976BD291E48731D001E7A00 /* MSAudioEncoder.h */,
				A976BD2A1E48731D001E7A00 /* MSAudioEncoder.m */,
				A976BD2B1E48731D001E7A00 /* MSH264Encoder.h */,
				A976BD2C1E48731D001E7A00 /* MSH264Encoder.m */,
				A976BD2D1E48731D001E7A00 /* MSRtmpService.h */,
				A976BD2E1E48731D001E7A00 /* MSRtmpService.m */,
			);
			name = rtmpService;
			sourceTree = "<group>";
		};
		A976BD321E487396001E7A00 /* Rtmp */ = {
			isa = PBXGroup;
			children = (
				A976BD331E487396001E7A00 /* avencoder.c */,
				A976BD341E487396001E7A00 /* avencoder.h */,
				A976BD351E487396001E7A00 /* flv-mux.c */,
				A976BD361E487396001E7A00 /* flv-mux.h */,
				A976BD371E487396001E7A00 /* librtmp */,
				A976BD4B1E487396001E7A00 /* obs-avc.c */,
				A976BD4C1E487396001E7A00 /* obs-avc.h */,
				A976BD4D1E487396001E7A00 /* obs-encoder.h */,
				A976BD4E1E487396001E7A00 /* obs-internal.h */,
				A976BD4F1E487396001E7A00 /* rtmp-helpers.h */,
				A976BD501E487396001E7A00 /* rtmp-stream.c */,
				A976BD511E487396001E7A00 /* rtmp-stream.h */,
				A976BD521E487396001E7A00 /* util */,
			);
			path = Rtmp;
			sourceTree = "<group>";
		};
		A976BD371E487396001E7A00 /* librtmp */ = {
			isa = PBXGroup;
			children = (
				A976BD381E487396001E7A00 /* amf.c */,
				A976BD391E487396001E7A00 /* amf.h */,
				A976BD3A1E487396001E7A00 /* bytes.h */,
				A976BD3B1E487396001E7A00 /* cencode.c */,
				A976BD3C1E487396001E7A00 /* cencode.h */,
				A976BD3D1E487396001E7A00 /* COPYING */,
				A976BD3E1E487396001E7A00 /* dh.h */,
				A976BD3F1E487396001E7A00 /* dhgroups.h */,
				A976BD401E487396001E7A00 /* handshake.h */,
				A976BD411E487396001E7A00 /* hashswf.c */,
				A976BD421E487396001E7A00 /* http.h */,
				A976BD431E487396001E7A00 /* log.c */,
				A976BD441E487396001E7A00 /* log.h */,
				A976BD451E487396001E7A00 /* md5.c */,
				A976BD461E487396001E7A00 /* md5.h */,
				A976BD471E487396001E7A00 /* parseurl.c */,
				A976BD481E487396001E7A00 /* rtmp.c */,
				A976BD491E487396001E7A00 /* rtmp.h */,
				A976BD4A1E487396001E7A00 /* rtmp_sys.h */,
			);
			path = librtmp;
			sourceTree = "<group>";
		};
		A976BD521E487396001E7A00 /* util */ = {
			isa = PBXGroup;
			children = (
				A976BD531E487396001E7A00 /* AlignedNew.hpp */,
				A976BD541E487396001E7A00 /* array-serializer.c */,
				A976BD551E487396001E7A00 /* array-serializer.h */,
				A976BD561E487396001E7A00 /* base.c */,
				A976BD571E487396001E7A00 /* base.h */,
				A976BD581E487396001E7A00 /* bmem.c */,
				A976BD591E487396001E7A00 /* bmem.h */,
				A976BD5A1E487396001E7A00 /* c99defs.h */,
				A976BD5B1E487396001E7A00 /* circlebuf.h */,
				A976BD5C1E487396001E7A00 /* darray.h */,
				A976BD5D1E487396001E7A00 /* dstr.c */,
				A976BD5E1E487396001E7A00 /* dstr.h */,
				A976BD5F1E487396001E7A00 /* dstr.hpp */,
				A976BD601E487396001E7A00 /* serializer.h */,
				A976BD611E487396001E7A00 /* threading-posix.c */,
				A976BD621E487396001E7A00 /* threading-posix.h */,
				A976BD631E487396001E7A00 /* threading.h */,
			);
			path = util;
			sourceTree = "<group>";
		};
		A9863C6A1E308DC500909317 /* Products */ = {
			isa = PBXGroup;
			children = (
				A9863C721E308DC500909317 /* libGPUImage.a */,
				A9863C741E308DC500909317 /* GPUImage.framework */,
			);
			name = Products;
			sourceTree = "<group>";
		};
		A9863C8C1E30B91000909317 /* res */ = {
			isa = PBXGroup;
			children = (
				A91D80681E4577E000C82233 /* transparentBack.png */,
				A9863C931E31C28300909317 /* icons */,
				A9863C941E31C29800909317 /* newYearStyle */,
				A91596281E45BCC3008DABB5 /* sea */,
				A91596331E45BCD5008DABB5 /* meng */,
				FD8D74CB1E0CC1E100D1C8CD /* Crown.png */,
				A915963B1E45CDDB008DABB5 /* eleme */,
				A915963A1E45CDCE008DABB5 /* cococola */,
			);
			name = res;
			sourceTree = "<group>";
		};
		A9863C931E31C28300909317 /* icons */ = {
			isa = PBXGroup;
			children = (
				A9863C7E1E30B90B00909317 /* cocacolaIcon.png */,
				A9863C7F1E30B90B00909317 /* earIcon.png */,
				A9863C801E30B90B00909317 /* elemeIcon.png */,
				A9863C811E30B90B00909317 /* icon.png */,
				A9863C821E30B90B00909317 /* logo.png */,
				A9863C831E30B90B00909317 /* newYearIcon.png */,
				A9863C841E30B90B00909317 /* seaIcon.png */,
			);
			name = icons;
			sourceTree = "<group>";
		};
		A9863C941E31C29800909317 /* newYearStyle */ = {
			isa = PBXGroup;
			children = (
				A915964E1E45E4D3008DABB5 /* firstNewyearBack.png */,
				A9863C781E30933A00909317 /* faceRedTag.png */,
				A915964C1E45E1BC008DABB5 /* newyearBack.png */,
				A98631341E30658800909317 /* newyearHear.png */,
			);
			name = newYearStyle;
			sourceTree = "<group>";
		};
		D9659FC4A6DF917D6C94AB64 /* Frameworks */ = {
			isa = PBXGroup;
			children = (
				FD8D74C91E0CBDF800D1C8CD /* SystemConfiguration.framework */,
				FD8D74C71E0CBDEB00D1C8CD /* CoreTelephony.framework */,
				FD8D74C51E0CBDD600D1C8CD /* libc++.tbd */,
				FD8D74C31E0CBDD200D1C8CD /* libz.tbd */,
				A9863C691E308DC500909317 /* GPUImage.xcodeproj */,
			);
			name = Frameworks;
			sourceTree = "<group>";
		};
		FD8D748A1E0CB94200D1C8CD /* lib */ = {
			isa = PBXGroup;
			children = (
				A9863C8C1E30B91000909317 /* res */,
				FD8D748B1E0CB94200D1C8CD /* FaceRecognition */,
				FD8D74B11E0CB94200D1C8CD /* iflyMSC.framework */,
			);
			path = lib;
			sourceTree = "<group>";
		};
		FD8D748B1E0CB94200D1C8CD /* FaceRecognition */ = {
			isa = PBXGroup;
			children = (
				FD8D74971E0CB94200D1C8CD /* tools */,
			);
			path = FaceRecognition;
			sourceTree = "<group>";
		};
		FD8D74971E0CB94200D1C8CD /* tools */ = {
			isa = PBXGroup;
			children = (
				FD8D74981E0CB94200D1C8CD /* CanvasView */,
				FD8D749B1E0CB94200D1C8CD /* Capture */,
				FD8D749E1E0CB94200D1C8CD /* Image */,
				FD8D74A71E0CB94200D1C8CD /* Permission */,
				FD8D74AA1E0CB94200D1C8CD /* Result */,
			);
			path = tools;
			sourceTree = "<group>";
		};
		FD8D74981E0CB94200D1C8CD /* CanvasView */ = {
			isa = PBXGroup;
			children = (
				FD8D74991E0CB94200D1C8CD /* CanvasView.h */,
				FD8D749A1E0CB94200D1C8CD /* CanvasView.m */,
			);
			path = CanvasView;
			sourceTree = "<group>";
		};
		FD8D749B1E0CB94200D1C8CD /* Capture */ = {
			isa = PBXGroup;
			children = (
				FD8D749C1E0CB94200D1C8CD /* CaptureManager.h */,
				FD8D749D1E0CB94200D1C8CD /* CaptureManager.m */,
			);
			path = Capture;
			sourceTree = "<group>";
		};
		FD8D749E1E0CB94200D1C8CD /* Image */ = {
			isa = PBXGroup;
			children = (
				FD8D749F1E0CB94200D1C8CD /* CalculatorTools.h */,
				FD8D74A01E0CB94200D1C8CD /* CalculatorTools.m */,
				FD8D74A11E0CB94200D1C8CD /* IFlyFaceImage.h */,
				FD8D74A21E0CB94200D1C8CD /* IFlyFaceImage.m */,
				FD8D74A31E0CB94200D1C8CD /* UIImage+compress.h */,
				FD8D74A41E0CB94200D1C8CD /* UIImage+compress.m */,
				FD8D74A51E0CB94200D1C8CD /* UIImage+Extensions.h */,
				FD8D74A61E0CB94200D1C8CD /* UIImage+Extensions.m */,
			);
			path = Image;
			sourceTree = "<group>";
		};
		FD8D74A71E0CB94200D1C8CD /* Permission */ = {
			isa = PBXGroup;
			children = (
				FD8D74A81E0CB94200D1C8CD /* PermissionDetector.h */,
				FD8D74A91E0CB94200D1C8CD /* PermissionDetector.m */,
			);
			path = Permission;
			sourceTree = "<group>";
		};
		FD8D74AA1E0CB94200D1C8CD /* Result */ = {
			isa = PBXGroup;
			children = (
				FD8D74AB1E0CB94200D1C8CD /* IFlyFaceResultDetector.h */,
				FD8D74AC1E0CB94200D1C8CD /* IFlyFaceResultDetector.m */,
				FD8D74AD1E0CB94200D1C8CD /* IFlyFaceResultKeys.h */,
				FD8D74AE1E0CB94200D1C8CD /* IFlyFaceResultKeys.m */,
				FD8D74AF1E0CB94200D1C8CD /* IFlyFaceResultTrack.h */,
				FD8D74B01E0CB94200D1C8CD /* IFlyFaceResultTrack.m */,
			);
			path = Result;
			sourceTree = "<group>";
		};
		FDAAD2451CE1CD7A00C7B6AC = {
			isa = PBXGroup;
			children = (
				FDAAD2501CE1CD7A00C7B6AC /* LearnOpenGLESWithGPUImage */,
				FDAAD26A1CE1CD7B00C7B6AC /* LearnOpenGLESWithGPUImageTests */,
				FDAAD24F1CE1CD7A00C7B6AC /* Products */,
				D9659FC4A6DF917D6C94AB64 /* Frameworks */,
			);
			sourceTree = "<group>";
		};
		FDAAD24F1CE1CD7A00C7B6AC /* Products */ = {
			isa = PBXGroup;
			children = (
				FDAAD24E1CE1CD7A00C7B6AC /* LearnOpenGLESWithGPUImage.app */,
				FDAAD2671CE1CD7B00C7B6AC /* LearnOpenGLESWithGPUImageTests.xctest */,
			);
			name = Products;
			sourceTree = "<group>";
		};
		FDAAD2501CE1CD7A00C7B6AC /* LearnOpenGLESWithGPUImage */ = {
			isa = PBXGroup;
			children = (
				FD8D748A1E0CB94200D1C8CD /* lib */,
				FD5F06961D1793E100A9E45A /* GPUImageBeautifyFilter.h */,
				FD5F06971D1793E100A9E45A /* GPUImageBeautifyFilter.m */,
				FD6BA4501D12CE440080EB2D /* Main.storyboard */,
				A976BD261E4861C5001E7A00 /* rtmpService */,
				FDAAD2541CE1CD7A00C7B6AC /* AppDelegate.h */,
				FDAAD2551CE1CD7A00C7B6AC /* AppDelegate.m */,
				A976BD751E488146001E7A00 /* MSGPUImageMovieWriter.h */,
				A976BD761E488146001E7A00 /* MSGPUImageMovieWriter.m */,
				FDAAD2571CE1CD7A00C7B6AC /* ViewController.h */,
				FDAAD2581CE1CD7A00C7B6AC /* ViewController.m */,
				FDAAD25D1CE1CD7A00C7B6AC /* Assets.xcassets */,
				FDAAD25F1CE1CD7A00C7B6AC /* LaunchScreen.storyboard */,
				FDAAD2621CE1CD7A00C7B6AC /* Info.plist */,
				FDAAD2511CE1CD7A00C7B6AC /* Supporting Files */,
			);
			path = LearnOpenGLESWithGPUImage;
			sourceTree = "<group>";
		};
		FDAAD2511CE1CD7A00C7B6AC /* Supporting Files */ = {
			isa = PBXGroup;
			children = (
				FDAAD2521CE1CD7A00C7B6AC /* main.m */,
			);
			name = "Supporting Files";
			sourceTree = "<group>";
		};
		FDAAD26A1CE1CD7B00C7B6AC /* LearnOpenGLESWithGPUImageTests */ = {
			isa = PBXGroup;
			children = (
				FDAAD26B1CE1CD7B00C7B6AC /* LearnOpenGLESWithGPUImageTests.m */,
				FDAAD26D1CE1CD7B00C7B6AC /* Info.plist */,
			);
			path = LearnOpenGLESWithGPUImageTests;
			sourceTree = "<group>";
		};
/* End PBXGroup section */

/* Begin PBXNativeTarget section */
		FDAAD24D1CE1CD7A00C7B6AC /* LearnOpenGLESWithGPUImage */ = {
			isa = PBXNativeTarget;
			buildConfigurationList = FDAAD2701CE1CD7B00C7B6AC /* Build configuration list for PBXNativeTarget "LearnOpenGLESWithGPUImage" */;
			buildPhases = (
				FDAAD24A1CE1CD7A00C7B6AC /* Sources */,
				FDAAD24B1CE1CD7A00C7B6AC /* Frameworks */,
				FDAAD24C1CE1CD7A00C7B6AC /* Resources */,
			);
			buildRules = (
			);
			dependencies = (
				A9863C771E308DDA00909317 /* PBXTargetDependency */,
			);
			name = LearnOpenGLESWithGPUImage;
			productName = LearnOpenGLESWithGPUImage;
			productReference = FDAAD24E1CE1CD7A00C7B6AC /* LearnOpenGLESWithGPUImage.app */;
			productType = "com.apple.product-type.application";
		};
		FDAAD2661CE1CD7A00C7B6AC /* LearnOpenGLESWithGPUImageTests */ = {
			isa = PBXNativeTarget;
			buildConfigurationList = FDAAD2731CE1CD7B00C7B6AC /* Build configuration list for PBXNativeTarget "LearnOpenGLESWithGPUImageTests" */;
			buildPhases = (
				FDAAD2631CE1CD7A00C7B6AC /* Sources */,
				FDAAD2641CE1CD7A00C7B6AC /* Frameworks */,
				FDAAD2651CE1CD7A00C7B6AC /* Resources */,
			);
			buildRules = (
			);
			dependencies = (
				FDAAD2691CE1CD7B00C7B6AC /* PBXTargetDependency */,
			);
			name = LearnOpenGLESWithGPUImageTests;
			productName = LearnOpenGLESWithGPUImageTests;
			productReference = FDAAD2671CE1CD7B00C7B6AC /* LearnOpenGLESWithGPUImageTests.xctest */;
			productType = "com.apple.product-type.bundle.unit-test";
		};
/* End PBXNativeTarget section */

/* Begin PBXProject section */
		FDAAD2461CE1CD7A00C7B6AC /* Project object */ = {
			isa = PBXProject;
			attributes = {
				LastUpgradeCheck = 0730;
				ORGANIZATIONNAME = "林伟池";
				TargetAttributes = {
					FDAAD24D1CE1CD7A00C7B6AC = {
						CreatedOnToolsVersion = 7.3;
						DevelopmentTeam = Y59HB6VK6F;
					};
					FDAAD2661CE1CD7A00C7B6AC = {
						CreatedOnToolsVersion = 7.3;
						TestTargetID = FDAAD24D1CE1CD7A00C7B6AC;
					};
				};
			};
			buildConfigurationList = FDAAD2491CE1CD7A00C7B6AC /* Build configuration list for PBXProject "LearnOpenGLESWithGPUImage" */;
			compatibilityVersion = "Xcode 3.2";
			developmentRegion = English;
			hasScannedForEncodings = 0;
			knownRegions = (
				en,
				Base,
			);
			mainGroup = FDAAD2451CE1CD7A00C7B6AC;
			productRefGroup = FDAAD24F1CE1CD7A00C7B6AC /* Products */;
			projectDirPath = "";
			projectReferences = (
				{
					ProductGroup = A9863C6A1E308DC500909317 /* Products */;
					ProjectRef = A9863C691E308DC500909317 /* GPUImage.xcodeproj */;
				},
			);
			projectRoot = "";
			targets = (
				FDAAD24D1CE1CD7A00C7B6AC /* LearnOpenGLESWithGPUImage */,
				FDAAD2661CE1CD7A00C7B6AC /* LearnOpenGLESWithGPUImageTests */,
			);
		};
/* End PBXProject section */

/* Begin PBXReferenceProxy section */
		A9863C721E308DC500909317 /* libGPUImage.a */ = {
			isa = PBXReferenceProxy;
			fileType = archive.ar;
			path = libGPUImage.a;
			remoteRef = A9863C711E308DC500909317 /* PBXContainerItemProxy */;
			sourceTree = BUILT_PRODUCTS_DIR;
		};
		A9863C741E308DC500909317 /* GPUImage.framework */ = {
			isa = PBXReferenceProxy;
			fileType = wrapper.framework;
			path = GPUImage.framework;
			remoteRef = A9863C731E308DC500909317 /* PBXContainerItemProxy */;
			sourceTree = BUILT_PRODUCTS_DIR;
		};
/* End PBXReferenceProxy section */

/* Begin PBXResourcesBuildPhase section */
		FDAAD24C1CE1CD7A00C7B6AC /* Resources */ = {
			isa = PBXResourcesBuildPhase;
			buildActionMask = 2147483647;
			files = (
				A91596371E45BCEB008DABB5 /* rightEarMeng.png in Resources */,
				FDAAD2611CE1CD7A00C7B6AC /* LaunchScreen.storyboard in Resources */,
				A9863C871E30B90B00909317 /* elemeIcon.png in Resources */,
				A91596401E45CDF2008DABB5 /* elemeLeft.png in Resources */,
				A915964A1E45CE6A008DABB5 /* cococolaLeftEar.png in Resources */,
				A9863C8B1E30B90B00909317 /* seaIcon.png in Resources */,
				A91596421E45CDF2008DABB5 /* elemeRight.png in Resources */,
				A91596311E45BCCC008DABB5 /* seaface.png in Resources */,
				A9863C8A1E30B90B00909317 /* newYearIcon.png in Resources */,
				A91596491E45CE6A008DABB5 /* cococolaBg.png in Resources */,
				A976BD681E487396001E7A00 /* COPYING in Resources */,
				A91596391E45BD0C008DABB5 /* beardMeng.png in Resources */,
				A91596451E45CE62008DABB5 /* eleme-bg.png in Resources */,
				A915962F1E45BCCC008DABB5 /* seaback.png in Resources */,
				A915964B1E45CE6A008DABB5 /* cococolaRightEar.png in Resources */,
				A915964D1E45E1BC008DABB5 /* newyearBack.png in Resources */,
				A9863C851E30B90B00909317 /* cocacolaIcon.png in Resources */,
				FD8D74CC1E0CC1E100D1C8CD /* Crown.png in Resources */,
				A91596411E45CDF2008DABB5 /* elemeLeftEar.png in Resources */,
				A915964F1E45E4D3008DABB5 /* firstNewyearBack.png in Resources */,
				A91596361E45BCEB008DABB5 /* leftEarMeng.png in Resources */,
				A91596301E45BCCC008DABB5 /* seabody.png in Resources */,
				A9863C791E30933A00909317 /* faceRedTag.png in Resources */,
				A91596431E45CDF2008DABB5 /* elemeRightEar.png in Resources */,
				FDAAD25E1CE1CD7A00C7B6AC /* Assets.xcassets in Resources */,
				A9863C881E30B90B00909317 /* icon.png in Resources */,
				A91D80691E4577E000C82233 /* transparentBack.png in Resources */,
				A9863C861E30B90B00909317 /* earIcon.png in Resources */,
				A9863C891E30B90B00909317 /* logo.png in Resources */,
				A9863C921E31C0E300909317 /* strawberryLeft.png in Resources */,
				A91596321E45BCCC008DABB5 /* seaheart.png in Resources */,
				A98631351E30658800909317 /* newyearHear.png in Resources */,
				A98631331E30580700909317 /* noseSingleMeng.png in Resources */,
				FD6BA4521D12CE440080EB2D /* Main.storyboard in Resources */,
			);
			runOnlyForDeploymentPostprocessing = 0;
		};
		FDAAD2651CE1CD7A00C7B6AC /* Resources */ = {
			isa = PBXResourcesBuildPhase;
			buildActionMask = 2147483647;
			files = (
			);
			runOnlyForDeploymentPostprocessing = 0;
		};
/* End PBXResourcesBuildPhase section */

/* Begin PBXSourcesBuildPhase section */
		FDAAD24A1CE1CD7A00C7B6AC /* Sources */ = {
			isa = PBXSourcesBuildPhase;
			buildActionMask = 2147483647;
			files = (
				A976BD6D1E487396001E7A00 /* rtmp.c in Sources */,
				A976BD721E487396001E7A00 /* bmem.c in Sources */,
				A976BD301E48731D001E7A00 /* MSH264Encoder.m in Sources */,
				A976BD651E487396001E7A00 /* flv-mux.c in Sources */,
				FDAAD2591CE1CD7A00C7B6AC /* ViewController.m in Sources */,
				FD8D74BA1E0CB94200D1C8CD /* UIImage+compress.m in Sources */,
				FD8D74B71E0CB94200D1C8CD /* CaptureManager.m in Sources */,
				A976BD311E48731D001E7A00 /* MSRtmpService.m in Sources */,
				A976BD6E1E487396001E7A00 /* obs-avc.c in Sources */,
				A976BD691E487396001E7A00 /* hashswf.c in Sources */,
				A976BD741E487396001E7A00 /* threading-posix.c in Sources */,
				FD8D74BF1E0CB94200D1C8CD /* IFlyFaceResultTrack.m in Sources */,
				A976BD771E488146001E7A00 /* MSGPUImageMovieWriter.m in Sources */,
				A976BD711E487396001E7A00 /* base.c in Sources */,
				FD8D74B91E0CB94200D1C8CD /* IFlyFaceImage.m in Sources */,
				A976BD2F1E48731D001E7A00 /* MSAudioEncoder.m in Sources */,
				A976BD6C1E487396001E7A00 /* parseurl.c in Sources */,
				FD8D74BC1E0CB94200D1C8CD /* PermissionDetector.m in Sources */,
				A976BD6F1E487396001E7A00 /* rtmp-stream.c in Sources */,
				A976BD641E487396001E7A00 /* avencoder.c in Sources */,
				A976BD6B1E487396001E7A00 /* md5.c in Sources */,
				FD5F06981D1793E100A9E45A /* GPUImageBeautifyFilter.m in Sources */,
				A976BD731E487396001E7A00 /* dstr.c in Sources */,
				A976BD671E487396001E7A00 /* cencode.c in Sources */,
				FDAAD2561CE1CD7A00C7B6AC /* AppDelegate.m in Sources */,
				FD8D74B61E0CB94200D1C8CD /* CanvasView.m in Sources */,
				A976BD661E487396001E7A00 /* amf.c in Sources */,
				A976BD701E487396001E7A00 /* array-serializer.c in Sources */,
				FD8D74BB1E0CB94200D1C8CD /* UIImage+Extensions.m in Sources */,
				FD8D74BE1E0CB94200D1C8CD /* IFlyFaceResultKeys.m in Sources */,
				FD8D74B81E0CB94200D1C8CD /* CalculatorTools.m in Sources */,
				A976BD6A1E487396001E7A00 /* log.c in Sources */,
				FDAAD2531CE1CD7A00C7B6AC /* main.m in Sources */,
				FD8D74BD1E0CB94200D1C8CD /* IFlyFaceResultDetector.m in Sources */,
			);
			runOnlyForDeploymentPostprocessing = 0;
		};
		FDAAD2631CE1CD7A00C7B6AC /* Sources */ = {
			isa = PBXSourcesBuildPhase;
			buildActionMask = 2147483647;
			files = (
				FDAAD26C1CE1CD7B00C7B6AC /* LearnOpenGLESWithGPUImageTests.m in Sources */,
			);
			runOnlyForDeploymentPostprocessing = 0;
		};
/* End PBXSourcesBuildPhase section */

/* Begin PBXTargetDependency section */
		A9863C771E308DDA00909317 /* PBXTargetDependency */ = {
			isa = PBXTargetDependency;
			name = GPUImage;
			targetProxy = A9863C761E308DDA00909317 /* PBXContainerItemProxy */;
		};
		FDAAD2691CE1CD7B00C7B6AC /* PBXTargetDependency */ = {
			isa = PBXTargetDependency;
			target = FDAAD24D1CE1CD7A00C7B6AC /* LearnOpenGLESWithGPUImage */;
			targetProxy = FDAAD2681CE1CD7B00C7B6AC /* PBXContainerItemProxy */;
		};
/* End PBXTargetDependency section */

/* Begin PBXVariantGroup section */
		FD6BA4501D12CE440080EB2D /* Main.storyboard */ = {
			isa = PBXVariantGroup;
			children = (
				FD6BA4511D12CE440080EB2D /* Base */,
			);
			name = Main.storyboard;
			sourceTree = "<group>";
		};
		FDAAD25F1CE1CD7A00C7B6AC /* LaunchScreen.storyboard */ = {
			isa = PBXVariantGroup;
			children = (
				FDAAD2601CE1CD7A00C7B6AC /* Base */,
			);
			name = LaunchScreen.storyboard;
			sourceTree = "<group>";
		};
/* End PBXVariantGroup section */

/* Begin XCBuildConfiguration section */
		FDAAD26E1CE1CD7B00C7B6AC /* Debug */ = {
			isa = XCBuildConfiguration;
			buildSettings = {
				ALWAYS_SEARCH_USER_PATHS = NO;
				CLANG_ANALYZER_NONNULL = YES;
				CLANG_CXX_LANGUAGE_STANDARD = "gnu++0x";
				CLANG_CXX_LIBRARY = "libc++";
				CLANG_ENABLE_MODULES = YES;
				CLANG_ENABLE_OBJC_ARC = YES;
				CLANG_WARN_BOOL_CONVERSION = YES;
				CLANG_WARN_CONSTANT_CONVERSION = YES;
				CLANG_WARN_DIRECT_OBJC_ISA_USAGE = YES_ERROR;
				CLANG_WARN_EMPTY_BODY = YES;
				CLANG_WARN_ENUM_CONVERSION = YES;
				CLANG_WARN_INT_CONVERSION = YES;
				CLANG_WARN_OBJC_ROOT_CLASS = YES_ERROR;
				CLANG_WARN_UNREACHABLE_CODE = YES;
				CLANG_WARN__DUPLICATE_METHOD_MATCH = YES;
				"CODE_SIGN_IDENTITY[sdk=iphoneos*]" = "iPhone Developer";
				COPY_PHASE_STRIP = NO;
				DEBUG_INFORMATION_FORMAT = dwarf;
				ENABLE_STRICT_OBJC_MSGSEND = YES;
				ENABLE_TESTABILITY = YES;
				GCC_C_LANGUAGE_STANDARD = gnu99;
				GCC_DYNAMIC_NO_PIC = NO;
				GCC_NO_COMMON_BLOCKS = YES;
				GCC_OPTIMIZATION_LEVEL = 0;
				GCC_PREPROCESSOR_DEFINITIONS = (
					"DEBUG=1",
					"$(inherited)",
				);
				GCC_WARN_64_TO_32_BIT_CONVERSION = YES;
				GCC_WARN_ABOUT_RETURN_TYPE = YES_ERROR;
				GCC_WARN_UNDECLARED_SELECTOR = YES;
				GCC_WARN_UNINITIALIZED_AUTOS = YES_AGGRESSIVE;
				GCC_WARN_UNUSED_FUNCTION = YES;
				GCC_WARN_UNUSED_VARIABLE = YES;
				IPHONEOS_DEPLOYMENT_TARGET = 9.3;
				MTL_ENABLE_DEBUG_INFO = YES;
				ONLY_ACTIVE_ARCH = YES;
				SDKROOT = iphoneos;
			};
			name = Debug;
		};
		FDAAD26F1CE1CD7B00C7B6AC /* Release */ = {
			isa = XCBuildConfiguration;
			buildSettings = {
				ALWAYS_SEARCH_USER_PATHS = NO;
				CLANG_ANALYZER_NONNULL = YES;
				CLANG_CXX_LANGUAGE_STANDARD = "gnu++0x";
				CLANG_CXX_LIBRARY = "libc++";
				CLANG_ENABLE_MODULES = YES;
				CLANG_ENABLE_OBJC_ARC = YES;
				CLANG_WARN_BOOL_CONVERSION = YES;
				CLANG_WARN_CONSTANT_CONVERSION = YES;
				CLANG_WARN_DIRECT_OBJC_ISA_USAGE = YES_ERROR;
				CLANG_WARN_EMPTY_BODY = YES;
				CLANG_WARN_ENUM_CONVERSION = YES;
				CLANG_WARN_INT_CONVERSION = YES;
				CLANG_WARN_OBJC_ROOT_CLASS = YES_ERROR;
				CLANG_WARN_UNREACHABLE_CODE = YES;
				CLANG_WARN__DUPLICATE_METHOD_MATCH = YES;
				"CODE_SIGN_IDENTITY[sdk=iphoneos*]" = "iPhone Developer";
				COPY_PHASE_STRIP = NO;
				DEBUG_INFORMATION_FORMAT = "dwarf-with-dsym";
				ENABLE_NS_ASSERTIONS = NO;
				ENABLE_STRICT_OBJC_MSGSEND = YES;
				GCC_C_LANGUAGE_STANDARD = gnu99;
				GCC_NO_COMMON_BLOCKS = YES;
				GCC_WARN_64_TO_32_BIT_CONVERSION = YES;
				GCC_WARN_ABOUT_RETURN_TYPE = YES_ERROR;
				GCC_WARN_UNDECLARED_SELECTOR = YES;
				GCC_WARN_UNINITIALIZED_AUTOS = YES_AGGRESSIVE;
				GCC_WARN_UNUSED_FUNCTION = YES;
				GCC_WARN_UNUSED_VARIABLE = YES;
				IPHONEOS_DEPLOYMENT_TARGET = 9.3;
				MTL_ENABLE_DEBUG_INFO = NO;
				SDKROOT = iphoneos;
				VALIDATE_PRODUCT = YES;
			};
			name = Release;
		};
		FDAAD2711CE1CD7B00C7B6AC /* Debug */ = {
			isa = XCBuildConfiguration;
			buildSettings = {
				ASSETCATALOG_COMPILER_APPICON_NAME = AppIcon;
				DEVELOPMENT_TEAM = Y59HB6VK6F;
				ENABLE_BITCODE = NO;
				FRAMEWORK_SEARCH_PATHS = (
					"$(PROJECT_DIR)/LearnOpenGLESWithGPUImage/lib",
					"$(PROJECT_DIR)",
				);
				HEADER_SEARCH_PATHS = "../framework/**";
				INFOPLIST_FILE = LearnOpenGLESWithGPUImage/Info.plist;
				IPHONEOS_DEPLOYMENT_TARGET = 8.0;
				LD_RUNPATH_SEARCH_PATHS = "$(inherited) @executable_path/Frameworks";
				OTHER_LDFLAGS = "";
				PRODUCT_BUNDLE_IDENTIFIER = com.video.Bill;
				PRODUCT_NAME = "$(TARGET_NAME)";
				TARGETED_DEVICE_FAMILY = "1,2";
			};
			name = Debug;
		};
		FDAAD2721CE1CD7B00C7B6AC /* Release */ = {
			isa = XCBuildConfiguration;
			buildSettings = {
				ASSETCATALOG_COMPILER_APPICON_NAME = AppIcon;
				DEVELOPMENT_TEAM = Y59HB6VK6F;
				ENABLE_BITCODE = NO;
				FRAMEWORK_SEARCH_PATHS = (
					"$(PROJECT_DIR)/LearnOpenGLESWithGPUImage/lib",
					"$(PROJECT_DIR)",
				);
				HEADER_SEARCH_PATHS = "../framework/**";
				INFOPLIST_FILE = LearnOpenGLESWithGPUImage/Info.plist;
				IPHONEOS_DEPLOYMENT_TARGET = 8.0;
				LD_RUNPATH_SEARCH_PATHS = "$(inherited) @executable_path/Frameworks";
				OTHER_LDFLAGS = "";
				PRODUCT_BUNDLE_IDENTIFIER = com.video.Bill;
				PRODUCT_NAME = "$(TARGET_NAME)";
				TARGETED_DEVICE_FAMILY = "1,2";
			};
			name = Release;
		};
		FDAAD2741CE1CD7B00C7B6AC /* Debug */ = {
			isa = XCBuildConfiguration;
			buildSettings = {
				BUNDLE_LOADER = "$(TEST_HOST)";
				INFOPLIST_FILE = LearnOpenGLESWithGPUImageTests/Info.plist;
				LD_RUNPATH_SEARCH_PATHS = "$(inherited) @executable_path/Frameworks @loader_path/Frameworks";
				PRODUCT_BUNDLE_IDENTIFIER = loying.lin.LearnOpenGLESWithGPUImageTests;
				PRODUCT_NAME = "$(TARGET_NAME)";
				TEST_HOST = "$(BUILT_PRODUCTS_DIR)/LearnOpenGLESWithGPUImage.app/LearnOpenGLESWithGPUImage";
			};
			name = Debug;
		};
		FDAAD2751CE1CD7B00C7B6AC /* Release */ = {
			isa = XCBuildConfiguration;
			buildSettings = {
				BUNDLE_LOADER = "$(TEST_HOST)";
				INFOPLIST_FILE = LearnOpenGLESWithGPUImageTests/Info.plist;
				LD_RUNPATH_SEARCH_PATHS = "$(inherited) @executable_path/Frameworks @loader_path/Frameworks";
				PRODUCT_BUNDLE_IDENTIFIER = loying.lin.LearnOpenGLESWithGPUImageTests;
				PRODUCT_NAME = "$(TARGET_NAME)";
				TEST_HOST = "$(BUILT_PRODUCTS_DIR)/LearnOpenGLESWithGPUImage.app/LearnOpenGLESWithGPUImage";
			};
			name = Release;
		};
/* End XCBuildConfiguration section */

/* Begin XCConfigurationList section */
		FDAAD2491CE1CD7A00C7B6AC /* Build configuration list for PBXProject "LearnOpenGLESWithGPUImage" */ = {
			isa = XCConfigurationList;
			buildConfigurations = (
				FDAAD26E1CE1CD7B00C7B6AC /* Debug */,
				FDAAD26F1CE1CD7B00C7B6AC /* Release */,
			);
			defaultConfigurationIsVisible = 0;
			defaultConfigurationName = Release;
		};
		FDAAD2701CE1CD7B00C7B6AC /* Build configuration list for PBXNativeTarget "LearnOpenGLESWithGPUImage" */ = {
			isa = XCConfigurationList;
			buildConfigurations = (
				FDAAD2711CE1CD7B00C7B6AC /* Debug */,
				FDAAD2721CE1CD7B00C7B6AC /* Release */,
			);
			defaultConfigurationIsVisible = 0;
			defaultConfigurationName = Release;
		};
		FDAAD2731CE1CD7B00C7B6AC /* Build configuration list for PBXNativeTarget "LearnOpenGLESWithGPUImageTests" */ = {
			isa = XCConfigurationList;
			buildConfigurations = (
				FDAAD2741CE1CD7B00C7B6AC /* Debug */,
				FDAAD2751CE1CD7B00C7B6AC /* Release */,
			);
			defaultConfigurationIsVisible = 0;
			defaultConfigurationName = Release;
		};
/* End XCConfigurationList section */
	};
	rootObject = FDAAD2461CE1CD7A00C7B6AC /* Project object */;
}
